
Microsoft Visual Studio Solution File, Format Version 12.00
# Visual Studio 15
VisualStudioVersion = 15.0.28307.329
MinimumVisualStudioVersion = 10.0.40219.1
Project("{FAE04EC0-301F-11D3-BF4B-00C04F79EFBC}") = "app.Android", "app\app.Android\app.Android.csproj", "{1806ABA7-FD81-4F16-8E66-1919F6666877}"
EndProject
Project("{FAE04EC0-301F-11D3-BF4B-00C04F79EFBC}") = "app.iOS", "app\app.iOS\app.iOS.csproj", "{F2030283-3F73-45C6-AE2F-FF1D0BB39F1E}"
EndProject
Project("{FAE04EC0-301F-11D3-BF4B-00C04F79EFBC}") = "app", "app\app\app.csproj", "{43B7B311-E7D1-48B4-9989-353B4F8DEF10}"
EndProject
Global
	GlobalSection(SolutionConfigurationPlatforms) = preSolution
		Ad-Hoc|Any CPU = Ad-Hoc|Any CPU
		Ad-Hoc|iPhone = Ad-Hoc|iPhone
		Ad-Hoc|iPhoneSimulator = Ad-Hoc|iPhoneSimulator
		AppStore|Any CPU = AppStore|Any CPU
		AppStore|iPhone = AppStore|iPhone
		AppStore|iPhoneSimulator = AppStore|iPhoneSimulator
		Debug|Any CPU = Debug|Any CPU
		Debug|iPhone = Debug|iPhone
		Debug|iPhoneSimulator = Debug|iPhoneSimulator
		Release|Any CPU = Release|Any CPU
		Release|iPhone = Release|iPhone
		Release|iPhoneSimulator = Release|iPhoneSimulator
	EndGlobalSection
	GlobalSection(ProjectConfigurationPlatforms) = postSolution
		{1806ABA7-FD81-4F16-8E66-1919F6666877}.Ad-Hoc|Any CPU.ActiveCfg = Release|Any CPU
		{1806ABA7-FD81-4F16-8E66-1919F6666877}.Ad-Hoc|Any CPU.Build.0 = Release|Any CPU
		{1806ABA7-FD81-4F16-8E66-1919F6666877}.Ad-Hoc|Any CPU.Deploy.0 = Release|Any CPU
		{1806ABA7-FD81-4F16-8E66-1919F6666877}.Ad-Hoc|iPhone.ActiveCfg = Release|Any CPU
		{1806ABA7-FD81-4F16-8E66-1919F6666877}.Ad-Hoc|iPhone.Build.0 = Release|Any CPU
		{1806ABA7-FD81-4F16-8E66-1919F6666877}.Ad-Hoc|iPhone.Deploy.0 = Release|Any CPU
		{1806ABA7-FD81-4F16-8E66-1919F6666877}.Ad-Hoc|iPhoneSimulator.ActiveCfg = Release|Any CPU
		{1806ABA7-FD81-4F16-8E66-1919F6666877}.Ad-Hoc|iPhoneSimulator.Build.0 = Release|Any CPU
		{1806ABA7-FD81-4F16-8E66-1919F6666877}.Ad-Hoc|iPhoneSimulator.Deploy.0 = Release|Any CPU
		{1806ABA7-FD81-4F16-8E66-1919F6666877}.AppStore|Any CPU.ActiveCfg = Release|Any CPU
		{1806ABA7-FD81-4F16-8E66-1919F6666877}.AppStore|Any CPU.Build.0 = Release|Any CPU
		{1806ABA7-FD81-4F16-8E66-1919F6666877}.AppStore|Any CPU.Deploy.0 = Release|Any CPU
		{1806ABA7-FD81-4F16-8E66-1919F6666877}.AppStore|iPhone.ActiveCfg = Release|Any CPU
		{1806ABA7-FD81-4F16-8E66-1919F6666877}.AppStore|iPhone.Build.0 = Release|Any CPU
		{1806ABA7-FD81-4F16-8E66-1919F6666877}.AppStore|iPhone.Deploy.0 = Release|Any CPU
		{1806ABA7-FD81-4F16-8E66-1919F6666877}.AppStore|iPhoneSimulator.ActiveCfg = Release|Any CPU
		{1806ABA7-FD81-4F16-8E66-1919F6666877}.AppStore|iPhoneSimulator.Build.0 = Release|Any CPU
		{1806ABA7-FD81-4F16-8E66-1919F6666877}.AppStore|iPhoneSimulator.Deploy.0 = Release|Any CPU
		{1806ABA7-FD81-4F16-8E66-1919F6666877}.Debug|Any CPU.ActiveCfg = Debug|Any CPU
		{1806ABA7-FD81-4F16-8E66-1919F6666877}.Debug|Any CPU.Build.0 = Debug|Any CPU
		{1806ABA7-FD81-4F16-8E66-1919F6666877}.Debug|Any CPU.Deploy.0 = Debug|Any CPU
		{1806ABA7-FD81-4F16-8E66-1919F6666877}.Debug|iPhone.ActiveCfg = Debug|Any CPU
		{1806ABA7-FD81-4F16-8E66-1919F6666877}.Debug|iPhone.Build.0 = Debug|Any CPU
		{1806ABA7-FD81-4F16-8E66-1919F6666877}.Debug|iPhone.Deploy.0 = Debug|Any CPU
		{1806ABA7-FD81-4F16-8E66-1919F6666877}.Debug|iPhoneSimulator.ActiveCfg = Debug|Any CPU
		{1806ABA7-FD81-4F16-8E66-1919F6666877}.Debug|iPhoneSimulator.Build.0 = Debug|Any CPU
		{1806ABA7-FD81-4F16-8E66-1919F6666877}.Debug|iPhoneSimulator.Deploy.0 = Debug|Any CPU
		{1806ABA7-FD81-4F16-8E66-1919F6666877}.Release|Any CPU.ActiveCfg = Release|Any CPU
		{1806ABA7-FD81-4F16-8E66-1919F6666877}.Release|Any CPU.Build.0 = Release|Any CPU
		{1806ABA7-FD81-4F16-8E66-1919F6666877}.Release|Any CPU.Deploy.0 = Release|Any CPU
		{1806ABA7-FD81-4F16-8E66-1919F6666877}.Release|iPhone.ActiveCfg = Release|Any CPU
		{1806ABA7-FD81-4F16-8E66-1919F6666877}.Release|iPhone.Build.0 = Release|Any CPU
		{1806ABA7-FD81-4F16-8E66-1919F6666877}.Release|iPhone.Deploy.0 = Release|Any CPU
		{1806ABA7-FD81-4F16-8E66-1919F6666877}.Release|iPhoneSimulator.ActiveCfg = Release|Any CPU
		{1806ABA7-FD81-4F16-8E66-1919F6666877}.Release|iPhoneSimulator.Build.0 = Release|Any CPU
		{1806ABA7-FD81-4F16-8E66-1919F6666877}.Release|iPhoneSimulator.Deploy.0 = Release|Any CPU
		{F2030283-3F73-45C6-AE2F-FF1D0BB39F1E}.Ad-Hoc|Any CPU.ActiveCfg = Ad-Hoc|iPhone
		{F2030283-3F73-45C6-AE2F-FF1D0BB39F1E}.Ad-Hoc|Any CPU.Build.0 = Ad-Hoc|iPhone
		{F2030283-3F73-45C6-AE2F-FF1D0BB39F1E}.Ad-Hoc|Any CPU.Deploy.0 = Ad-Hoc|iPhone
		{F2030283-3F73-45C6-AE2F-FF1D0BB39F1E}.Ad-Hoc|iPhone.ActiveCfg = Ad-Hoc|iPhone
		{F2030283-3F73-45C6-AE2F-FF1D0BB39F1E}.Ad-Hoc|iPhone.Build.0 = Ad-Hoc|iPhone
		{F2030283-3F73-45C6-AE2F-FF1D0BB39F1E}.Ad-Hoc|iPhone.Deploy.0 = Ad-Hoc|iPhone
		{F2030283-3F73-45C6-AE2F-FF1D0BB39F1E}.Ad-Hoc|iPhoneSimulator.ActiveCfg = Ad-Hoc|iPhoneSimulator
		{F2030283-3F73-45C6-AE2F-FF1D0BB39F1E}.Ad-Hoc|iPhoneSimulator.Build.0 = Ad-Hoc|iPhoneSimulator
		{F2030283-3F73-45C6-AE2F-FF1D0BB39F1E}.Ad-Hoc|iPhoneSimulator.Deploy.0 = Ad-Hoc|iPhoneSimulator
		{F2030283-3F73-45C6-AE2F-FF1D0BB39F1E}.AppStore|Any CPU.ActiveCfg = AppStore|iPhone
		{F2030283-3F73-45C6-AE2F-FF1D0BB39F1E}.AppStore|Any CPU.Build.0 = AppStore|iPhone
		{F2030283-3F73-45C6-AE2F-FF1D0BB39F1E}.AppStore|Any CPU.Deploy.0 = AppStore|iPhone
		{F2030283-3F73-45C6-AE2F-FF1D0BB39F1E}.AppStore|iPhone.ActiveCfg = AppStore|iPhone
		{F2030283-3F73-45C6-AE2F-FF1D0BB39F1E}.AppStore|iPhone.Build.0 = AppStore|iPhone
		{F2030283-3F73-45C6-AE2F-FF1D0BB39F1E}.AppStore|iPhone.Deploy.0 = AppStore|iPhone
		{F2030283-3F73-45C6-AE2F-FF1D0BB39F1E}.AppStore|iPhoneSimulator.ActiveCfg = AppStore|iPhoneSimulator
		{F2030283-3F73-45C6-AE2F-FF1D0BB39F1E}.AppStore|iPhoneSimulator.Build.0 = AppStore|iPhoneSimulator
		{F2030283-3F73-45C6-AE2F-FF1D0BB39F1E}.AppStore|iPhoneSimulator.Deploy.0 = AppStore|iPhoneSimulator
		{F2030283-3F73-45C6-AE2F-FF1D0BB39F1E}.Debug|Any CPU.ActiveCfg = Debug|iPhoneSimulator
		{F2030283-3F73-45C6-AE2F-FF1D0BB39F1E}.Debug|Any CPU.Build.0 = Debug|iPhoneSimulator
		{F2030283-3F73-45C6-AE2F-FF1D0BB39F1E}.Debug|Any CPU.Deploy.0 = Debug|iPhoneSimulator
		{F2030283-3F73-45C6-AE2F-FF1D0BB39F1E}.Debug|iPhone.ActiveCfg = Debug|iPhone
		{F2030283-3F73-45C6-AE2F-FF1D0BB39F1E}.Debug|iPhone.Build.0 = Debug|iPhone
		{F2030283-3F73-45C6-AE2F-FF1D0BB39F1E}.Debug|iPhone.Deploy.0 = Debug|iPhone
		{F2030283-3F73-45C6-AE2F-FF1D0BB39F1E}.Debug|iPhoneSimulator.ActiveCfg = Debug|iPhoneSimulator
		{F2030283-3F73-45C6-AE2F-FF1D0BB39F1E}.Debug|iPhoneSimulator.Build.0 = Debug|iPhoneSimulator
		{F2030283-3F73-45C6-AE2F-FF1D0BB39F1E}.Debug|iPhoneSimulator.Deploy.0 = Debug|iPhoneSimulator
		{F2030283-3F73-45C6-AE2F-FF1D0BB39F1E}.Release|Any CPU.ActiveCfg = Release|iPhone
		{F2030283-3F73-45C6-AE2F-FF1D0BB39F1E}.Release|Any CPU.Build.0 = Release|iPhone
		{F2030283-3F73-45C6-AE2F-FF1D0BB39F1E}.Release|Any CPU.Deploy.0 = Release|iPhone
		{F2030283-3F73-45C6-AE2F-FF1D0BB39F1E}.Release|iPhone.ActiveCfg = Release|iPhone
		{F2030283-3F73-45C6-AE2F-FF1D0BB39F1E}.Release|iPhone.Build.0 = Release|iPhone
		{F2030283-3F73-45C6-AE2F-FF1D0BB39F1E}.Release|iPhone.Deploy.0 = Release|iPhone
		{F2030283-3F73-45C6-AE2F-FF1D0BB39F1E}.Release|iPhoneSimulator.ActiveCfg = Release|iPhoneSimulator
		{F2030283-3F73-45C6-AE2F-FF1D0BB39F1E}.Release|iPhoneSimulator.Build.0 = Release|iPhoneSimulator
		{F2030283-3F73-45C6-AE2F-FF1D0BB39F1E}.Release|iPhoneSimulator.Deploy.0 = Release|iPhoneSimulator
		{43B7B311-E7D1-48B4-9989-353B4F8DEF10}.Ad-Hoc|Any CPU.ActiveCfg = Debug|Any CPU
		{43B7B311-E7D1-48B4-9989-353B4F8DEF10}.Ad-Hoc|Any CPU.Build.0 = Debug|Any CPU
		{43B7B311-E7D1-48B4-9989-353B4F8DEF10}.Ad-Hoc|Any CPU.Deploy.0 = Debug|Any CPU
		{43B7B311-E7D1-48B4-9989-353B4F8DEF10}.Ad-Hoc|iPhone.ActiveCfg = Debug|Any CPU
		{43B7B311-E7D1-48B4-9989-353B4F8DEF10}.Ad-Hoc|iPhone.Build.0 = Debug|Any CPU
		{43B7B311-E7D1-48B4-9989-353B4F8DEF10}.Ad-Hoc|iPhone.Deploy.0 = Debug|Any CPU
		{43B7B311-E7D1-48B4-9989-353B4F8DEF10}.Ad-Hoc|iPhoneSimulator.ActiveCfg = Debug|Any CPU
		{43B7B311-E7D1-48B4-9989-353B4F8DEF10}.Ad-Hoc|iPhoneSimulator.Build.0 = Debug|Any CPU
		{43B7B311-E7D1-48B4-9989-353B4F8DEF10}.Ad-Hoc|iPhoneSimulator.Deploy.0 = Debug|Any CPU
		{43B7B311-E7D1-48B4-9989-353B4F8DEF10}.AppStore|Any CPU.ActiveCfg = Debug|Any CPU
		{43B7B311-E7D1-48B4-9989-353B4F8DEF10}.AppStore|Any CPU.Build.0 = Debug|Any CPU
		{43B7B311-E7D1-48B4-9989-353B4F8DEF10}.AppStore|Any CPU.Deploy.0 = Debug|Any CPU
		{43B7B311-E7D1-48B4-9989-353B4F8DEF10}.AppStore|iPhone.ActiveCfg = Debug|Any CPU
		{43B7B311-E7D1-48B4-9989-353B4F8DEF10}.AppStore|iPhone.Build.0 = Debug|Any CPU
		{43B7B311-E7D1-48B4-9989-353B4F8DEF10}.AppStore|iPhone.Deploy.0 = Debug|Any CPU
		{43B7B311-E7D1-48B4-9989-353B4F8DEF10}.AppStore|iPhoneSimulator.ActiveCfg = Debug|Any CPU
		{43B7B311-E7D1-48B4-9989-353B4F8DEF10}.AppStore|iPhoneSimulator.Build.0 = Debug|Any CPU
		{43B7B311-E7D1-48B4-9989-353B4F8DEF10}.AppStore|iPhoneSimulator.Deploy.0 = Debug|Any CPU
		{43B7B311-E7D1-48B4-9989-353B4F8DEF10}.Debug|Any CPU.ActiveCfg = Debug|Any CPU
		{43B7B311-E7D1-48B4-9989-353B4F8DEF10}.Debug|Any CPU.Build.0 = Debug|Any CPU
		{43B7B311-E7D1-48B4-9989-353B4F8DEF10}.Debug|Any CPU.Deploy.0 = Debug|Any CPU
		{43B7B311-E7D1-48B4-9989-353B4F8DEF10}.Debug|iPhone.ActiveCfg = Debug|Any CPU
		{43B7B311-E7D1-48B4-9989-353B4F8DEF10}.Debug|iPhone.Build.0 = Debug|Any CPU
		{43B7B311-E7D1-48B4-9989-353B4F8DEF10}.Debug|iPhone.Deploy.0 = Debug|Any CPU
		{43B7B311-E7D1-48B4-9989-353B4F8DEF10}.Debug|iPhoneSimulator.ActiveCfg = Debug|Any CPU
		{43B7B311-E7D1-48B4-9989-353B4F8DEF10}.Debug|iPhoneSimulator.Build.0 = Debug|Any CPU
		{43B7B311-E7D1-48B4-9989-353B4F8DEF10}.Debug|iPhoneSimulator.Deploy.0 = Debug|Any CPU
		{43B7B311-E7D1-48B4-9989-353B4F8DEF10}.Release|Any CPU.ActiveCfg = Release|Any CPU
		{43B7B311-E7D1-48B4-9989-353B4F8DEF10}.Release|Any CPU.Build.0 = Release|Any CPU
		{43B7B311-E7D1-48B4-9989-353B4F8DEF10}.Release|Any CPU.Deploy.0 = Release|Any CPU
		{43B7B311-E7D1-48B4-9989-353B4F8DEF10}.Release|iPhone.ActiveCfg = Release|Any CPU
		{43B7B311-E7D1-48B4-9989-353B4F8DEF10}.Release|iPhone.Build.0 = Release|Any CPU
		{43B7B311-E7D1-48B4-9989-353B4F8DEF10}.Release|iPhone.Deploy.0 = Release|Any CPU
		{43B7B311-E7D1-48B4-9989-353B4F8DEF10}.Release|iPhoneSimulator.ActiveCfg = Release|Any CPU
		{43B7B311-E7D1-48B4-9989-353B4F8DEF10}.Release|iPhoneSimulator.Build.0 = Release|Any CPU
		{43B7B311-E7D1-48B4-9989-353B4F8DEF10}.Release|iPhoneSimulator.Deploy.0 = Release|Any CPU
	EndGlobalSection
	GlobalSection(SolutionProperties) = preSolution
		HideSolutionNode = FALSE
	EndGlobalSection
	GlobalSection(ExtensibilityGlobals) = postSolution
		SolutionGuid = {C9288AEF-92FB-48F6-B19D-B7EE8AE3163E}
	EndGlobalSection
EndGlobal
